<Solution>
  <Folder Name="/src/">
    <Project Path="src/TextureStudio.App/TextureStudio.App.csproj" />
    <Project Path="src/TextureStudio.Core/TextureStudio.Core.csproj" />
    <Project Path="src/TextureStudio.Rekey/TextureStudio.Rekey.csproj" />
  </Folder>
  <Folder Name="/tests/">
    <Project Path="tests/TextureStudio.Core.Tests/TextureStudio.Core.Tests.csproj" />
  </Folder>
</Solution>
